
Microsoft Visual Studio Solution File, Format Version 12.00
# Visual Studio Version 17
VisualStudioVersion = 17.14.36414.22 d17.14
MinimumVisualStudioVersion = 10.0.40219.1
Project("{FAE04EC0-301F-11D3-BF4B-00C04F79EFBC}") = "WebApplication1", "WebApplication1\WebApplication1.csproj", "{3E389CC4-40D7-4064-8C2C-BFFF4A4AE1BF}"
EndProject
Global
	GlobalSection(SolutionConfigurationPlatforms) = preSolution
		Debug|Any CPU = Debug|Any CPU
		Release|Any CPU = Release|Any CPU
	EndGlobalSection
	GlobalSection(ProjectConfigurationPlatforms) = postSolution
		{3E389CC4-40D7-4064-8C2C-BFFF4A4AE1BF}.Debug|Any CPU.ActiveCfg = Debug|Any CPU
		{3E389CC4-40D7-4064-8C2C-BFFF4A4AE1BF}.Debug|Any CPU.Build.0 = Debug|Any CPU
		{3E389CC4-40D7-4064-8C2C-BFFF4A4AE1BF}.Release|Any CPU.ActiveCfg = Release|Any CPU
		{3E389CC4-40D7-4064-8C2C-BFFF4A4AE1BF}.Release|Any CPU.Build.0 = Release|Any CPU
	EndGlobalSection
	GlobalSection(SolutionProperties) = preSolution
		HideSolutionNode = FALSE
	EndGlobalSection
	GlobalSection(ExtensibilityGlobals) = postSolution
		SolutionGuid = {FAF30AA0-6B2D-45DC-AB88-7D6D40CBF72F}
	EndGlobalSection
EndGlobal
